// !$*UTF8*$!
{
	archiveVersion = 1;
	classes = {
	};
	objectVersion = 56;
	objects = {

/* Begin PBXBuildFile section */
		538BD98BC104461249EA8DD1 /* Pods_MTG.framework in Frameworks */ = {isa = PBXBuildFile; fileRef = 18E48989CCAFBBCF69DF5FC0 /* Pods_MTG.framework */; };
		8B0BAFE92A01A64700841527 /* CardAddToDeckViewController.swift in Sources */ = {isa = PBXBuildFile; fileRef = 8B0BAFE82A01A64700841527 /* CardAddToDeckViewController.swift */; };
		8B170FFA29A6B38800EC1D34 /* SliderTableViewCell.swift in Sources */ = {isa = PBXBuildFile; fileRef = 8B170FF829A6B38800EC1D34 /* SliderTableViewCell.swift */; };
		8B17100029A7FED400EC1D34 /* SliderTableViewCell.xib in Resources */ = {isa = PBXBuildFile; fileRef = 8B170FFF29A7FED400EC1D34 /* SliderTableViewCell.xib */; };
		8B17101029AD2C4000EC1D34 /* Format.swift in Sources */ = {isa = PBXBuildFile; fileRef = 8B17100F29AD2C4000EC1D34 /* Format.swift */; };
		8B17101229AD2CE900EC1D34 /* Rarity.swift in Sources */ = {isa = PBXBuildFile; fileRef = 8B17101129AD2CE900EC1D34 /* Rarity.swift */; };
		8B17101429AD2DAF00EC1D34 /* SingleSet.swift in Sources */ = {isa = PBXBuildFile; fileRef = 8B17101329AD2DAF00EC1D34 /* SingleSet.swift */; };
		8B17101629AD2FA800EC1D34 /* Sets.swift in Sources */ = {isa = PBXBuildFile; fileRef = 8B17101529AD2FA800EC1D34 /* Sets.swift */; };
		8B17101929AD3F6500EC1D34 /* CustomDropdownTableViewCell.swift in Sources */ = {isa = PBXBuildFile; fileRef = 8B17101729AD3F6500EC1D34 /* CustomDropdownTableViewCell.swift */; };
		8B17101A29AD3F6500EC1D34 /* CustomDropdownTableViewCell.xib in Resources */ = {isa = PBXBuildFile; fileRef = 8B17101829AD3F6500EC1D34 /* CustomDropdownTableViewCell.xib */; };
		8B2744D029AEA62E00BC1CB0 /* CheckboxCollectionViewCell.swift in Sources */ = {isa = PBXBuildFile; fileRef = 8B2744CE29AEA62E00BC1CB0 /* CheckboxCollectionViewCell.swift */; };
		8B2744D129AEA62E00BC1CB0 /* CheckboxCollectionViewCell.xib in Resources */ = {isa = PBXBuildFile; fileRef = 8B2744CF29AEA62E00BC1CB0 /* CheckboxCollectionViewCell.xib */; };
		8B2744D429AEA6D000BC1CB0 /* CheckboxTableViewCell.swift in Sources */ = {isa = PBXBuildFile; fileRef = 8B2744D229AEA6D000BC1CB0 /* CheckboxTableViewCell.swift */; };
		8B2744D529AEA6D000BC1CB0 /* CheckboxTableViewCell.xib in Resources */ = {isa = PBXBuildFile; fileRef = 8B2744D329AEA6D000BC1CB0 /* CheckboxTableViewCell.xib */; };
		8B7F60DB299433F300D54CF7 /* ScryfallInteractor.swift in Sources */ = {isa = PBXBuildFile; fileRef = 8B7F60DA299433F300D54CF7 /* ScryfallInteractor.swift */; };
		8B7F60E02994B2B900D54CF7 /* CardSearchViewModels.swift in Sources */ = {isa = PBXBuildFile; fileRef = 8B7F60DF2994B2B900D54CF7 /* CardSearchViewModels.swift */; };
		8B7F60E229956E5A00D54CF7 /* NoCardsFoundSearchViewController.swift in Sources */ = {isa = PBXBuildFile; fileRef = 8B7F60E129956E5A00D54CF7 /* NoCardsFoundSearchViewController.swift */; };
		8B8417B729F2E3D50040FF03 /* ListTableViewCell.swift in Sources */ = {isa = PBXBuildFile; fileRef = 8B8417B529F2E3D50040FF03 /* ListTableViewCell.swift */; };
		8B8417B829F2E3D50040FF03 /* ListTableViewCell.xib in Resources */ = {isa = PBXBuildFile; fileRef = 8B8417B629F2E3D50040FF03 /* ListTableViewCell.xib */; };
		8B8417C329F6ED340040FF03 /* SmallCardCollectionViewCell.swift in Sources */ = {isa = PBXBuildFile; fileRef = 8B8417C129F6ED340040FF03 /* SmallCardCollectionViewCell.swift */; };
		8B8417C429F6ED340040FF03 /* SmallCardCollectionViewCell.xib in Resources */ = {isa = PBXBuildFile; fileRef = 8B8417C229F6ED340040FF03 /* SmallCardCollectionViewCell.xib */; };
		8B982F9E2991540100A60D7E /* AppDelegate.swift in Sources */ = {isa = PBXBuildFile; fileRef = 8B982F9D2991540100A60D7E /* AppDelegate.swift */; };
		8B982FA02991540100A60D7E /* SceneDelegate.swift in Sources */ = {isa = PBXBuildFile; fileRef = 8B982F9F2991540100A60D7E /* SceneDelegate.swift */; };
		8B982FA52991540100A60D7E /* Main.storyboard in Resources */ = {isa = PBXBuildFile; fileRef = 8B982FA32991540100A60D7E /* Main.storyboard */; };
		8B982FA72991540200A60D7E /* Assets.xcassets in Resources */ = {isa = PBXBuildFile; fileRef = 8B982FA62991540200A60D7E /* Assets.xcassets */; };
		8B982FAA2991540200A60D7E /* LaunchScreen.storyboard in Resources */ = {isa = PBXBuildFile; fileRef = 8B982FA82991540200A60D7E /* LaunchScreen.storyboard */; };
		8B982FB72991561E00A60D7E /* ScryfallAPI.swift in Sources */ = {isa = PBXBuildFile; fileRef = 8B982FB62991561E00A60D7E /* ScryfallAPI.swift */; };
		8B982FBA2991563600A60D7E /* Card.swift in Sources */ = {isa = PBXBuildFile; fileRef = 8B982FB92991563600A60D7E /* Card.swift */; };
		8B982FBD29915FA500A60D7E /* Sample.json in Resources */ = {isa = PBXBuildFile; fileRef = 8B982FBC29915FA500A60D7E /* Sample.json */; };
		8B982FBF2991646C00A60D7E /* CardListViewController.swift in Sources */ = {isa = PBXBuildFile; fileRef = 8B982FBE2991646C00A60D7E /* CardListViewController.swift */; };
		8B982FC12991666F00A60D7E /* CardDetailViewController.swift in Sources */ = {isa = PBXBuildFile; fileRef = 8B982FC02991666F00A60D7E /* CardDetailViewController.swift */; };
		8B982FC62991751500A60D7E /* CardTableViewCell.swift in Sources */ = {isa = PBXBuildFile; fileRef = 8B982FC42991751500A60D7E /* CardTableViewCell.swift */; };
		8B982FC72991751500A60D7E /* CardTableViewCell.xib in Resources */ = {isa = PBXBuildFile; fileRef = 8B982FC52991751500A60D7E /* CardTableViewCell.xib */; };
		8B982FCA29917F8D00A60D7E /* Symbols.swift in Sources */ = {isa = PBXBuildFile; fileRef = 8B982FC929917F8D00A60D7E /* Symbols.swift */; };
		8B982FD02991A60000A60D7E /* String+Extension.swift in Sources */ = {isa = PBXBuildFile; fileRef = 8B982FCF2991A60000A60D7E /* String+Extension.swift */; };
		8B982FD42991A86900A60D7E /* ManaCostCollectionViewCell.swift in Sources */ = {isa = PBXBuildFile; fileRef = 8B982FD22991A86900A60D7E /* ManaCostCollectionViewCell.swift */; };
		8B982FD52991A86900A60D7E /* ManaCostCollectionViewCell.xib in Resources */ = {isa = PBXBuildFile; fileRef = 8B982FD32991A86900A60D7E /* ManaCostCollectionViewCell.xib */; };
		8B9849302995A03000819DAC /* TextSearchTableViewCell.swift in Sources */ = {isa = PBXBuildFile; fileRef = 8B98492E2995A03000819DAC /* TextSearchTableViewCell.swift */; };
		8B9849312995A03000819DAC /* TextSearchTableViewCell.xib in Resources */ = {isa = PBXBuildFile; fileRef = 8B98492F2995A03000819DAC /* TextSearchTableViewCell.xib */; };
		8B9849342995A25600819DAC /* AdvancedCardSearchCollectionViewCell.swift in Sources */ = {isa = PBXBuildFile; fileRef = 8B9849322995A25600819DAC /* AdvancedCardSearchCollectionViewCell.swift */; };
		8B9849352995A25600819DAC /* AdvancedCardSearchCollectionViewCell.xib in Resources */ = {isa = PBXBuildFile; fileRef = 8B9849332995A25600819DAC /* AdvancedCardSearchCollectionViewCell.xib */; };
		8B984957299AA5AD00819DAC /* UICollectionViewFlowLayout+Extension.swift in Sources */ = {isa = PBXBuildFile; fileRef = 8B984956299AA5AC00819DAC /* UICollectionViewFlowLayout+Extension.swift */; };
		8B98495A299AD29300819DAC /* DropdownTableViewCell.swift in Sources */ = {isa = PBXBuildFile; fileRef = 8B984958299AD29300819DAC /* DropdownTableViewCell.swift */; };
		8B98495B299AD29300819DAC /* DropdownTableViewCell.xib in Resources */ = {isa = PBXBuildFile; fileRef = 8B984959299AD29300819DAC /* DropdownTableViewCell.xib */; };
		8B98495D299AE96200819DAC /* AdvancedCardSearchModalFilterViewController.swift in Sources */ = {isa = PBXBuildFile; fileRef = 8B98495C299AE96200819DAC /* AdvancedCardSearchModalFilterViewController.swift */; };
		8B98495F299BEDF000819DAC /* Types.swift in Sources */ = {isa = PBXBuildFile; fileRef = 8B98495E299BEDF000819DAC /* Types.swift */; };
		8B984961299BFCC800819DAC /* Subtype.swift in Sources */ = {isa = PBXBuildFile; fileRef = 8B984960299BFCC800819DAC /* Subtype.swift */; };
		8B984964299C0D9700819DAC /* ColorSearchTableViewCell.swift in Sources */ = {isa = PBXBuildFile; fileRef = 8B984962299C0D9700819DAC /* ColorSearchTableViewCell.swift */; };
		8B984965299C0D9700819DAC /* ColorSearchTableViewCell.xib in Resources */ = {isa = PBXBuildFile; fileRef = 8B984963299C0D9700819DAC /* ColorSearchTableViewCell.xib */; };
		8BBC7CB729F8645A0014111B /* FooterCollectionReusableView.swift in Sources */ = {isa = PBXBuildFile; fileRef = 8BBC7CB529F8645A0014111B /* FooterCollectionReusableView.swift */; };
		8BBC7CB829F8645A0014111B /* FooterCollectionReusableView.xib in Resources */ = {isa = PBXBuildFile; fileRef = 8BBC7CB629F8645A0014111B /* FooterCollectionReusableView.xib */; };
		8BBEC0D529B104FF00EF657F /* Notifications.swift in Sources */ = {isa = PBXBuildFile; fileRef = 8BBEC0D429B104FF00EF657F /* Notifications.swift */; };
		8BBEC0D729B7E0D000EF657F /* Cards.swift in Sources */ = {isa = PBXBuildFile; fileRef = 8BBEC0D629B7E0D000EF657F /* Cards.swift */; };
		8BBEC0D929C2546000EF657F /* CardListPickerViewController.swift in Sources */ = {isa = PBXBuildFile; fileRef = 8BBEC0D829C2546000EF657F /* CardListPickerViewController.swift */; };
		8BBEC0DB29C2558E00EF657F /* PickerOptions.swift in Sources */ = {isa = PBXBuildFile; fileRef = 8BBEC0DA29C2558E00EF657F /* PickerOptions.swift */; };
		8BC5F3CC29941C4E0040F49C /* CardSearchViewController.swift in Sources */ = {isa = PBXBuildFile; fileRef = 8BC5F3CB29941C4E0040F49C /* CardSearchViewController.swift */; };
		8BCC0715299C126700F4CF43 /* ColorSearchCollectionViewCell.swift in Sources */ = {isa = PBXBuildFile; fileRef = 8BCC0713299C126700F4CF43 /* ColorSearchCollectionViewCell.swift */; };
		8BCC0716299C126700F4CF43 /* ColorSearchCollectionViewCell.xib in Resources */ = {isa = PBXBuildFile; fileRef = 8BCC0714299C126700F4CF43 /* ColorSearchCollectionViewCell.xib */; };
		8BCC0718299D397200F4CF43 /* CardColors.swift in Sources */ = {isa = PBXBuildFile; fileRef = 8BCC0717299D397200F4CF43 /* CardColors.swift */; };
/* End PBXBuildFile section */

/* Begin PBXFileReference section */
		18E48989CCAFBBCF69DF5FC0 /* Pods_MTG.framework */ = {isa = PBXFileReference; explicitFileType = wrapper.framework; includeInIndex = 0; path = Pods_MTG.framework; sourceTree = BUILT_PRODUCTS_DIR; };
		1BDEFA78034205AFA5F319DA /* Pods-MTG.release.xcconfig */ = {isa = PBXFileReference; includeInIndex = 1; lastKnownFileType = text.xcconfig; name = "Pods-MTG.release.xcconfig"; path = "Target Support Files/Pods-MTG/Pods-MTG.release.xcconfig"; sourceTree = "<group>"; };
		8B0BAFE82A01A64700841527 /* CardAddToDeckViewController.swift */ = {isa = PBXFileReference; lastKnownFileType = sourcecode.swift; path = CardAddToDeckViewController.swift; sourceTree = "<group>"; };
		8B170FF829A6B38800EC1D34 /* SliderTableViewCell.swift */ = {isa = PBXFileReference; lastKnownFileType = sourcecode.swift; path = SliderTableViewCell.swift; sourceTree = "<group>"; };
		8B170FFF29A7FED400EC1D34 /* SliderTableViewCell.xib */ = {isa = PBXFileReference; fileEncoding = 4; lastKnownFileType = file.xib; path = SliderTableViewCell.xib; sourceTree = "<group>"; };
		8B17100F29AD2C4000EC1D34 /* Format.swift */ = {isa = PBXFileReference; lastKnownFileType = sourcecode.swift; path = Format.swift; sourceTree = "<group>"; };
		8B17101129AD2CE900EC1D34 /* Rarity.swift */ = {isa = PBXFileReference; lastKnownFileType = sourcecode.swift; path = Rarity.swift; sourceTree = "<group>"; };
		8B17101329AD2DAF00EC1D34 /* SingleSet.swift */ = {isa = PBXFileReference; lastKnownFileType = sourcecode.swift; path = SingleSet.swift; sourceTree = "<group>"; };
		8B17101529AD2FA800EC1D34 /* Sets.swift */ = {isa = PBXFileReference; lastKnownFileType = sourcecode.swift; path = Sets.swift; sourceTree = "<group>"; };
		8B17101729AD3F6500EC1D34 /* CustomDropdownTableViewCell.swift */ = {isa = PBXFileReference; lastKnownFileType = sourcecode.swift; path = CustomDropdownTableViewCell.swift; sourceTree = "<group>"; };
		8B17101829AD3F6500EC1D34 /* CustomDropdownTableViewCell.xib */ = {isa = PBXFileReference; lastKnownFileType = file.xib; path = CustomDropdownTableViewCell.xib; sourceTree = "<group>"; };
		8B2744CE29AEA62E00BC1CB0 /* CheckboxCollectionViewCell.swift */ = {isa = PBXFileReference; lastKnownFileType = sourcecode.swift; path = CheckboxCollectionViewCell.swift; sourceTree = "<group>"; };
		8B2744CF29AEA62E00BC1CB0 /* CheckboxCollectionViewCell.xib */ = {isa = PBXFileReference; lastKnownFileType = file.xib; path = CheckboxCollectionViewCell.xib; sourceTree = "<group>"; };
		8B2744D229AEA6D000BC1CB0 /* CheckboxTableViewCell.swift */ = {isa = PBXFileReference; lastKnownFileType = sourcecode.swift; path = CheckboxTableViewCell.swift; sourceTree = "<group>"; };
		8B2744D329AEA6D000BC1CB0 /* CheckboxTableViewCell.xib */ = {isa = PBXFileReference; lastKnownFileType = file.xib; path = CheckboxTableViewCell.xib; sourceTree = "<group>"; };
		8B7F60DA299433F300D54CF7 /* ScryfallInteractor.swift */ = {isa = PBXFileReference; lastKnownFileType = sourcecode.swift; path = ScryfallInteractor.swift; sourceTree = "<group>"; };
		8B7F60DF2994B2B900D54CF7 /* CardSearchViewModels.swift */ = {isa = PBXFileReference; lastKnownFileType = sourcecode.swift; path = CardSearchViewModels.swift; sourceTree = "<group>"; };
		8B7F60E129956E5A00D54CF7 /* NoCardsFoundSearchViewController.swift */ = {isa = PBXFileReference; lastKnownFileType = sourcecode.swift; path = NoCardsFoundSearchViewController.swift; sourceTree = "<group>"; };
		8B8417B529F2E3D50040FF03 /* ListTableViewCell.swift */ = {isa = PBXFileReference; lastKnownFileType = sourcecode.swift; path = ListTableViewCell.swift; sourceTree = "<group>"; };
		8B8417B629F2E3D50040FF03 /* ListTableViewCell.xib */ = {isa = PBXFileReference; lastKnownFileType = file.xib; path = ListTableViewCell.xib; sourceTree = "<group>"; };
		8B8417C129F6ED340040FF03 /* SmallCardCollectionViewCell.swift */ = {isa = PBXFileReference; lastKnownFileType = sourcecode.swift; path = SmallCardCollectionViewCell.swift; sourceTree = "<group>"; };
		8B8417C229F6ED340040FF03 /* SmallCardCollectionViewCell.xib */ = {isa = PBXFileReference; lastKnownFileType = file.xib; path = SmallCardCollectionViewCell.xib; sourceTree = "<group>"; };
		8B982F9A2991540100A60D7E /* MTG.app */ = {isa = PBXFileReference; explicitFileType = wrapper.application; includeInIndex = 0; path = MTG.app; sourceTree = BUILT_PRODUCTS_DIR; };
		8B982F9D2991540100A60D7E /* AppDelegate.swift */ = {isa = PBXFileReference; lastKnownFileType = sourcecode.swift; path = AppDelegate.swift; sourceTree = "<group>"; };
		8B982F9F2991540100A60D7E /* SceneDelegate.swift */ = {isa = PBXFileReference; lastKnownFileType = sourcecode.swift; path = SceneDelegate.swift; sourceTree = "<group>"; };
		8B982FA42991540100A60D7E /* Base */ = {isa = PBXFileReference; lastKnownFileType = file.storyboard; name = Base; path = Base.lproj/Main.storyboard; sourceTree = "<group>"; };
		8B982FA62991540200A60D7E /* Assets.xcassets */ = {isa = PBXFileReference; lastKnownFileType = folder.assetcatalog; path = Assets.xcassets; sourceTree = "<group>"; };
		8B982FA92991540200A60D7E /* Base */ = {isa = PBXFileReference; lastKnownFileType = file.storyboard; name = Base; path = Base.lproj/LaunchScreen.storyboard; sourceTree = "<group>"; };
		8B982FAB2991540200A60D7E /* Info.plist */ = {isa = PBXFileReference; lastKnownFileType = text.plist.xml; path = Info.plist; sourceTree = "<group>"; };
		8B982FB62991561E00A60D7E /* ScryfallAPI.swift */ = {isa = PBXFileReference; lastKnownFileType = sourcecode.swift; path = ScryfallAPI.swift; sourceTree = "<group>"; };
		8B982FB92991563600A60D7E /* Card.swift */ = {isa = PBXFileReference; lastKnownFileType = sourcecode.swift; path = Card.swift; sourceTree = "<group>"; };
		8B982FBC29915FA500A60D7E /* Sample.json */ = {isa = PBXFileReference; lastKnownFileType = text.json; path = Sample.json; sourceTree = "<group>"; };
		8B982FBE2991646C00A60D7E /* CardListViewController.swift */ = {isa = PBXFileReference; lastKnownFileType = sourcecode.swift; path = CardListViewController.swift; sourceTree = "<group>"; };
		8B982FC02991666F00A60D7E /* CardDetailViewController.swift */ = {isa = PBXFileReference; lastKnownFileType = sourcecode.swift; path = CardDetailViewController.swift; sourceTree = "<group>"; };
		8B982FC42991751500A60D7E /* CardTableViewCell.swift */ = {isa = PBXFileReference; lastKnownFileType = sourcecode.swift; path = CardTableViewCell.swift; sourceTree = "<group>"; };
		8B982FC52991751500A60D7E /* CardTableViewCell.xib */ = {isa = PBXFileReference; lastKnownFileType = file.xib; path = CardTableViewCell.xib; sourceTree = "<group>"; };
		8B982FC929917F8D00A60D7E /* Symbols.swift */ = {isa = PBXFileReference; lastKnownFileType = sourcecode.swift; path = Symbols.swift; sourceTree = "<group>"; };
		8B982FCF2991A60000A60D7E /* String+Extension.swift */ = {isa = PBXFileReference; lastKnownFileType = sourcecode.swift; path = "String+Extension.swift"; sourceTree = "<group>"; };
		8B982FD22991A86900A60D7E /* ManaCostCollectionViewCell.swift */ = {isa = PBXFileReference; lastKnownFileType = sourcecode.swift; path = ManaCostCollectionViewCell.swift; sourceTree = "<group>"; };
		8B982FD32991A86900A60D7E /* ManaCostCollectionViewCell.xib */ = {isa = PBXFileReference; lastKnownFileType = file.xib; path = ManaCostCollectionViewCell.xib; sourceTree = "<group>"; };
		8B98492E2995A03000819DAC /* TextSearchTableViewCell.swift */ = {isa = PBXFileReference; lastKnownFileType = sourcecode.swift; path = TextSearchTableViewCell.swift; sourceTree = "<group>"; };
		8B98492F2995A03000819DAC /* TextSearchTableViewCell.xib */ = {isa = PBXFileReference; lastKnownFileType = file.xib; path = TextSearchTableViewCell.xib; sourceTree = "<group>"; };
		8B9849322995A25600819DAC /* AdvancedCardSearchCollectionViewCell.swift */ = {isa = PBXFileReference; lastKnownFileType = sourcecode.swift; path = AdvancedCardSearchCollectionViewCell.swift; sourceTree = "<group>"; };
		8B9849332995A25600819DAC /* AdvancedCardSearchCollectionViewCell.xib */ = {isa = PBXFileReference; lastKnownFileType = file.xib; path = AdvancedCardSearchCollectionViewCell.xib; sourceTree = "<group>"; };
		8B984956299AA5AC00819DAC /* UICollectionViewFlowLayout+Extension.swift */ = {isa = PBXFileReference; lastKnownFileType = sourcecode.swift; path = "UICollectionViewFlowLayout+Extension.swift"; sourceTree = "<group>"; };
		8B984958299AD29300819DAC /* DropdownTableViewCell.swift */ = {isa = PBXFileReference; lastKnownFileType = sourcecode.swift; path = DropdownTableViewCell.swift; sourceTree = "<group>"; };
		8B984959299AD29300819DAC /* DropdownTableViewCell.xib */ = {isa = PBXFileReference; lastKnownFileType = file.xib; path = DropdownTableViewCell.xib; sourceTree = "<group>"; };
		8B98495C299AE96200819DAC /* AdvancedCardSearchModalFilterViewController.swift */ = {isa = PBXFileReference; lastKnownFileType = sourcecode.swift; path = AdvancedCardSearchModalFilterViewController.swift; sourceTree = "<group>"; };
		8B98495E299BEDF000819DAC /* Types.swift */ = {isa = PBXFileReference; lastKnownFileType = sourcecode.swift; path = Types.swift; sourceTree = "<group>"; };
		8B984960299BFCC800819DAC /* Subtype.swift */ = {isa = PBXFileReference; lastKnownFileType = sourcecode.swift; path = Subtype.swift; sourceTree = "<group>"; };
		8B984962299C0D9700819DAC /* ColorSearchTableViewCell.swift */ = {isa = PBXFileReference; lastKnownFileType = sourcecode.swift; path = ColorSearchTableViewCell.swift; sourceTree = "<group>"; };
		8B984963299C0D9700819DAC /* ColorSearchTableViewCell.xib */ = {isa = PBXFileReference; lastKnownFileType = file.xib; path = ColorSearchTableViewCell.xib; sourceTree = "<group>"; };
		8BBC7CB529F8645A0014111B /* FooterCollectionReusableView.swift */ = {isa = PBXFileReference; lastKnownFileType = sourcecode.swift; path = FooterCollectionReusableView.swift; sourceTree = "<group>"; };
		8BBC7CB629F8645A0014111B /* FooterCollectionReusableView.xib */ = {isa = PBXFileReference; lastKnownFileType = file.xib; path = FooterCollectionReusableView.xib; sourceTree = "<group>"; };
		8BBEC0D429B104FF00EF657F /* Notifications.swift */ = {isa = PBXFileReference; lastKnownFileType = sourcecode.swift; path = Notifications.swift; sourceTree = "<group>"; };
		8BBEC0D629B7E0D000EF657F /* Cards.swift */ = {isa = PBXFileReference; lastKnownFileType = sourcecode.swift; path = Cards.swift; sourceTree = "<group>"; };
		8BBEC0D829C2546000EF657F /* CardListPickerViewController.swift */ = {isa = PBXFileReference; lastKnownFileType = sourcecode.swift; path = CardListPickerViewController.swift; sourceTree = "<group>"; };
		8BBEC0DA29C2558E00EF657F /* PickerOptions.swift */ = {isa = PBXFileReference; lastKnownFileType = sourcecode.swift; path = PickerOptions.swift; sourceTree = "<group>"; };
		8BC5F3CB29941C4E0040F49C /* CardSearchViewController.swift */ = {isa = PBXFileReference; lastKnownFileType = sourcecode.swift; path = CardSearchViewController.swift; sourceTree = "<group>"; };
		8BCC0713299C126700F4CF43 /* ColorSearchCollectionViewCell.swift */ = {isa = PBXFileReference; lastKnownFileType = sourcecode.swift; path = ColorSearchCollectionViewCell.swift; sourceTree = "<group>"; };
		8BCC0714299C126700F4CF43 /* ColorSearchCollectionViewCell.xib */ = {isa = PBXFileReference; lastKnownFileType = file.xib; path = ColorSearchCollectionViewCell.xib; sourceTree = "<group>"; };
		8BCC0717299D397200F4CF43 /* CardColors.swift */ = {isa = PBXFileReference; lastKnownFileType = sourcecode.swift; path = CardColors.swift; sourceTree = "<group>"; };
		D9237EFCB04453676CE09965 /* Pods-MTG.debug.xcconfig */ = {isa = PBXFileReference; includeInIndex = 1; lastKnownFileType = text.xcconfig; name = "Pods-MTG.debug.xcconfig"; path = "Target Support Files/Pods-MTG/Pods-MTG.debug.xcconfig"; sourceTree = "<group>"; };
/* End PBXFileReference section */

/* Begin PBXFrameworksBuildPhase section */
		8B982F972991540100A60D7E /* Frameworks */ = {
			isa = PBXFrameworksBuildPhase;
			buildActionMask = 2147483647;
			files = (
				538BD98BC104461249EA8DD1 /* Pods_MTG.framework in Frameworks */,
			);
			runOnlyForDeploymentPostprocessing = 0;
		};
/* End PBXFrameworksBuildPhase section */

/* Begin PBXGroup section */
		8B170FFC29A6B38C00EC1D34 /* Slider Cell */ = {
			isa = PBXGroup;
			children = (
				8B170FF829A6B38800EC1D34 /* SliderTableViewCell.swift */,
				8B170FFF29A7FED400EC1D34 /* SliderTableViewCell.xib */,
			);
			path = "Slider Cell";
			sourceTree = "<group>";
		};
		8B2744D629AFB06B00BC1CB0 /* Simple Search */ = {
			isa = PBXGroup;
			children = (
				8BCC071B299D39F700F4CF43 /* Single Card Cell */,
			);
			path = "Simple Search";
			sourceTree = "<group>";
		};
		8B2744D729AFB07400BC1CB0 /* Advanced Search */ = {
			isa = PBXGroup;
			children = (
				8B98495C299AE96200819DAC /* AdvancedCardSearchModalFilterViewController.swift */,
				8B982FC829917A8200A60D7E /* Cells */,
			);
			path = "Advanced Search";
			sourceTree = "<group>";
		};
		8B2744D829AFB38F00BC1CB0 /* Checkbox Cell */ = {
			isa = PBXGroup;
			children = (
				8B2744D229AEA6D000BC1CB0 /* CheckboxTableViewCell.swift */,
				8B2744D329AEA6D000BC1CB0 /* CheckboxTableViewCell.xib */,
				8B2744CE29AEA62E00BC1CB0 /* CheckboxCollectionViewCell.swift */,
				8B2744CF29AEA62E00BC1CB0 /* CheckboxCollectionViewCell.xib */,
			);
			path = "Checkbox Cell";
			sourceTree = "<group>";
		};
		8B6608D92992A4A10040C9FA /* Frameworks */ = {
			isa = PBXGroup;
			children = (
				18E48989CCAFBBCF69DF5FC0 /* Pods_MTG.framework */,
			);
			name = Frameworks;
			sourceTree = "<group>";
		};
		8B7F60DE2994B28E00D54CF7 /* ViewModels */ = {
			isa = PBXGroup;
			children = (
				8B7F60DF2994B2B900D54CF7 /* CardSearchViewModels.swift */,
			);
			path = ViewModels;
			sourceTree = "<group>";
		};
		8B982F912991540100A60D7E = {
			isa = PBXGroup;
			children = (
				8B982F9C2991540100A60D7E /* MTG */,
				8B982F9B2991540100A60D7E /* Products */,
				8B6608D92992A4A10040C9FA /* Frameworks */,
				B8751C00A9AF0647B4CC22DB /* Pods */,
			);
			sourceTree = "<group>";
		};
		8B982F9B2991540100A60D7E /* Products */ = {
			isa = PBXGroup;
			children = (
				8B982F9A2991540100A60D7E /* MTG.app */,
			);
			name = Products;
			sourceTree = "<group>";
		};
		8B982F9C2991540100A60D7E /* MTG */ = {
			isa = PBXGroup;
			children = (
				8B982F9D2991540100A60D7E /* AppDelegate.swift */,
				8B982F9F2991540100A60D7E /* SceneDelegate.swift */,
				8B982FBC29915FA500A60D7E /* Sample.json */,
				8B982FB3299154FF00A60D7E /* Views */,
				8B982FBB2991563A00A60D7E /* Models */,
				8B7F60DE2994B28E00D54CF7 /* ViewModels */,
				8B982FD12991A60300A60D7E /* Extensions */,
				8B982FB82991562100A60D7E /* Services */,
				8B982FA32991540100A60D7E /* Main.storyboard */,
				8B982FA82991540200A60D7E /* LaunchScreen.storyboard */,
				8B982FA62991540200A60D7E /* Assets.xcassets */,
				8B982FAB2991540200A60D7E /* Info.plist */,
			);
			path = MTG;
			sourceTree = "<group>";
		};
		8B982FB3299154FF00A60D7E /* Views */ = {
			isa = PBXGroup;
			children = (
				8BC5F3CD29941C5A0040F49C /* Card Search */,
			);
			path = Views;
			sourceTree = "<group>";
		};
		8B982FB82991562100A60D7E /* Services */ = {
			isa = PBXGroup;
			children = (
				8B982FB62991561E00A60D7E /* ScryfallAPI.swift */,
				8B7F60DA299433F300D54CF7 /* ScryfallInteractor.swift */,
			);
			path = Services;
			sourceTree = "<group>";
		};
		8B982FBB2991563A00A60D7E /* Models */ = {
			isa = PBXGroup;
			children = (
				8BBEC0DA29C2558E00EF657F /* PickerOptions.swift */,
				8B982FB92991563600A60D7E /* Card.swift */,
				8BBEC0D629B7E0D000EF657F /* Cards.swift */,
				8BCC0717299D397200F4CF43 /* CardColors.swift */,
				8B98495E299BEDF000819DAC /* Types.swift */,
				8B984960299BFCC800819DAC /* Subtype.swift */,
				8B982FC929917F8D00A60D7E /* Symbols.swift */,
				8B17100F29AD2C4000EC1D34 /* Format.swift */,
				8B17101129AD2CE900EC1D34 /* Rarity.swift */,
				8B17101329AD2DAF00EC1D34 /* SingleSet.swift */,
				8B17101529AD2FA800EC1D34 /* Sets.swift */,
				8BBEC0D429B104FF00EF657F /* Notifications.swift */,
			);
			path = Models;
			sourceTree = "<group>";
		};
		8B982FC829917A8200A60D7E /* Cells */ = {
			isa = PBXGroup;
			children = (
				8B984968299C0DE200819DAC /* Text Search Cell */,
				8B984967299C0DCC00819DAC /* Dropdown Search Cell */,
				8BCC071A299D39CF00F4CF43 /* Collection View Labels Cell */,
				8B984966299C0DB500819DAC /* Color Search Cell */,
				8BCC0719299D39B600F4CF43 /* Mana Cost Cell */,
				8B170FFC29A6B38C00EC1D34 /* Slider Cell */,
				8B2744D829AFB38F00BC1CB0 /* Checkbox Cell */,
			);
			path = Cells;
			sourceTree = "<group>";
		};
		8B982FD12991A60300A60D7E /* Extensions */ = {
			isa = PBXGroup;
			children = (
				8B982FCF2991A60000A60D7E /* String+Extension.swift */,
				8B984956299AA5AC00819DAC /* UICollectionViewFlowLayout+Extension.swift */,
			);
			path = Extensions;
			sourceTree = "<group>";
		};
		8B984966299C0DB500819DAC /* Color Search Cell */ = {
			isa = PBXGroup;
			children = (
				8B984962299C0D9700819DAC /* ColorSearchTableViewCell.swift */,
				8B984963299C0D9700819DAC /* ColorSearchTableViewCell.xib */,
				8BCC0713299C126700F4CF43 /* ColorSearchCollectionViewCell.swift */,
				8BCC0714299C126700F4CF43 /* ColorSearchCollectionViewCell.xib */,
			);
			path = "Color Search Cell";
			sourceTree = "<group>";
		};
		8B984967299C0DCC00819DAC /* Dropdown Search Cell */ = {
			isa = PBXGroup;
			children = (
				8B984958299AD29300819DAC /* DropdownTableViewCell.swift */,
				8B984959299AD29300819DAC /* DropdownTableViewCell.xib */,
				8B17101729AD3F6500EC1D34 /* CustomDropdownTableViewCell.swift */,
				8B17101829AD3F6500EC1D34 /* CustomDropdownTableViewCell.xib */,
			);
			path = "Dropdown Search Cell";
			sourceTree = "<group>";
		};
		8B984968299C0DE200819DAC /* Text Search Cell */ = {
			isa = PBXGroup;
			children = (
				8B98492E2995A03000819DAC /* TextSearchTableViewCell.swift */,
				8B98492F2995A03000819DAC /* TextSearchTableViewCell.xib */,
			);
			path = "Text Search Cell";
			sourceTree = "<group>";
		};
		8BC5F3CD29941C5A0040F49C /* Card Search */ = {
			isa = PBXGroup;
			children = (
				8BC5F3CB29941C4E0040F49C /* CardSearchViewController.swift */,
				8BBEC0D829C2546000EF657F /* CardListPickerViewController.swift */,
				8B7F60E129956E5A00D54CF7 /* NoCardsFoundSearchViewController.swift */,
				8B982FBE2991646C00A60D7E /* CardListViewController.swift */,
				8B982FC02991666F00A60D7E /* CardDetailViewController.swift */,
				8B2744D629AFB06B00BC1CB0 /* Simple Search */,
				8B2744D729AFB07400BC1CB0 /* Advanced Search */,
				8B0BAFE82A01A64700841527 /* CardAddToDeckViewController.swift */,
			);
			path = "Card Search";
			sourceTree = "<group>";
		};
		8BCC0719299D39B600F4CF43 /* Mana Cost Cell */ = {
			isa = PBXGroup;
			children = (
				8B982FD22991A86900A60D7E /* ManaCostCollectionViewCell.swift */,
				8B982FD32991A86900A60D7E /* ManaCostCollectionViewCell.xib */,
			);
			path = "Mana Cost Cell";
			sourceTree = "<group>";
		};
		8BCC071A299D39CF00F4CF43 /* Collection View Labels Cell */ = {
			isa = PBXGroup;
			children = (
				8B9849322995A25600819DAC /* AdvancedCardSearchCollectionViewCell.swift */,
				8B9849332995A25600819DAC /* AdvancedCardSearchCollectionViewCell.xib */,
			);
			path = "Collection View Labels Cell";
			sourceTree = "<group>";
		};
		8BCC071B299D39F700F4CF43 /* Single Card Cell */ = {
			isa = PBXGroup;
			children = (
				8BBC7CB529F8645A0014111B /* FooterCollectionReusableView.swift */,
				8BBC7CB629F8645A0014111B /* FooterCollectionReusableView.xib */,
				8B8417C129F6ED340040FF03 /* SmallCardCollectionViewCell.swift */,
				8B8417C229F6ED340040FF03 /* SmallCardCollectionViewCell.xib */,
				8B982FC42991751500A60D7E /* CardTableViewCell.swift */,
				8B982FC52991751500A60D7E /* CardTableViewCell.xib */,
				8B8417B529F2E3D50040FF03 /* ListTableViewCell.swift */,
				8B8417B629F2E3D50040FF03 /* ListTableViewCell.xib */,
			);
			path = "Single Card Cell";
			sourceTree = "<group>";
		};
		B8751C00A9AF0647B4CC22DB /* Pods */ = {
			isa = PBXGroup;
			children = (
				D9237EFCB04453676CE09965 /* Pods-MTG.debug.xcconfig */,
				1BDEFA78034205AFA5F319DA /* Pods-MTG.release.xcconfig */,
			);
			path = Pods;
			sourceTree = "<group>";
		};
/* End PBXGroup section */

/* Begin PBXNativeTarget section */
		8B982F992991540100A60D7E /* MTG */ = {
			isa = PBXNativeTarget;
			buildConfigurationList = 8B982FAE2991540200A60D7E /* Build configuration list for PBXNativeTarget "MTG" */;
			buildPhases = (
				1DF71DD82DE3B34096C8C157 /* [CP] Check Pods Manifest.lock */,
				8B982F962991540100A60D7E /* Sources */,
				8B982F972991540100A60D7E /* Frameworks */,
				8B982F982991540100A60D7E /* Resources */,
				5F910FD5D84B8415CEA5EC5E /* [CP] Embed Pods Frameworks */,
			);
			buildRules = (
			);
			dependencies = (
			);
			name = MTG;
			productName = MTG;
			productReference = 8B982F9A2991540100A60D7E /* MTG.app */;
			productType = "com.apple.product-type.application";
		};
/* End PBXNativeTarget section */

/* Begin PBXProject section */
		8B982F922991540100A60D7E /* Project object */ = {
			isa = PBXProject;
			attributes = {
				BuildIndependentTargetsInParallel = 1;
				LastSwiftUpdateCheck = 1420;
				LastUpgradeCheck = 1420;
				TargetAttributes = {
					8B982F992991540100A60D7E = {
						CreatedOnToolsVersion = 14.2;
					};
				};
			};
			buildConfigurationList = 8B982F952991540100A60D7E /* Build configuration list for PBXProject "MTG" */;
			compatibilityVersion = "Xcode 14.0";
			developmentRegion = en;
			hasScannedForEncodings = 0;
			knownRegions = (
				en,
				Base,
			);
			mainGroup = 8B982F912991540100A60D7E;
			productRefGroup = 8B982F9B2991540100A60D7E /* Products */;
			projectDirPath = "";
			projectRoot = "";
			targets = (
				8B982F992991540100A60D7E /* MTG */,
			);
		};
/* End PBXProject section */

/* Begin PBXResourcesBuildPhase section */
		8B982F982991540100A60D7E /* Resources */ = {
			isa = PBXResourcesBuildPhase;
			buildActionMask = 2147483647;
			files = (
				8BCC0716299C126700F4CF43 /* ColorSearchCollectionViewCell.xib in Resources */,
				8B2744D529AEA6D000BC1CB0 /* CheckboxTableViewCell.xib in Resources */,
				8B2744D129AEA62E00BC1CB0 /* CheckboxCollectionViewCell.xib in Resources */,
				8B982FD52991A86900A60D7E /* ManaCostCollectionViewCell.xib in Resources */,
				8B17100029A7FED400EC1D34 /* SliderTableViewCell.xib in Resources */,
				8B8417B829F2E3D50040FF03 /* ListTableViewCell.xib in Resources */,
				8B982FAA2991540200A60D7E /* LaunchScreen.storyboard in Resources */,
				8B982FBD29915FA500A60D7E /* Sample.json in Resources */,
				8BBC7CB829F8645A0014111B /* FooterCollectionReusableView.xib in Resources */,
				8B98495B299AD29300819DAC /* DropdownTableViewCell.xib in Resources */,
				8B982FC72991751500A60D7E /* CardTableViewCell.xib in Resources */,
				8B9849312995A03000819DAC /* TextSearchTableViewCell.xib in Resources */,
				8B17101A29AD3F6500EC1D34 /* CustomDropdownTableViewCell.xib in Resources */,
				8B8417C429F6ED340040FF03 /* SmallCardCollectionViewCell.xib in Resources */,
				8B982FA72991540200A60D7E /* Assets.xcassets in Resources */,
				8B984965299C0D9700819DAC /* ColorSearchTableViewCell.xib in Resources */,
				8B9849352995A25600819DAC /* AdvancedCardSearchCollectionViewCell.xib in Resources */,
				8B982FA52991540100A60D7E /* Main.storyboard in Resources */,
			);
			runOnlyForDeploymentPostprocessing = 0;
		};
/* End PBXResourcesBuildPhase section */

/* Begin PBXShellScriptBuildPhase section */
		1DF71DD82DE3B34096C8C157 /* [CP] Check Pods Manifest.lock */ = {
			isa = PBXShellScriptBuildPhase;
			buildActionMask = 2147483647;
			files = (
			);
			inputFileListPaths = (
			);
			inputPaths = (
				"${PODS_PODFILE_DIR_PATH}/Podfile.lock",
				"${PODS_ROOT}/Manifest.lock",
			);
			name = "[CP] Check Pods Manifest.lock";
			outputFileListPaths = (
			);
			outputPaths = (
				"$(DERIVED_FILE_DIR)/Pods-MTG-checkManifestLockResult.txt",
			);
			runOnlyForDeploymentPostprocessing = 0;
			shellPath = /bin/sh;
			shellScript = "diff \"${PODS_PODFILE_DIR_PATH}/Podfile.lock\" \"${PODS_ROOT}/Manifest.lock\" > /dev/null\nif [ $? != 0 ] ; then\n    # print error to STDERR\n    echo \"error: The sandbox is not in sync with the Podfile.lock. Run 'pod install' or update your CocoaPods installation.\" >&2\n    exit 1\nfi\n# This output is used by Xcode 'outputs' to avoid re-running this script phase.\necho \"SUCCESS\" > \"${SCRIPT_OUTPUT_FILE_0}\"\n";
			showEnvVarsInLog = 0;
		};
		5F910FD5D84B8415CEA5EC5E /* [CP] Embed Pods Frameworks */ = {
			isa = PBXShellScriptBuildPhase;
			buildActionMask = 2147483647;
			files = (
			);
			inputFileListPaths = (
				"${PODS_ROOT}/Target Support Files/Pods-MTG/Pods-MTG-frameworks-${CONFIGURATION}-input-files.xcfilelist",
			);
			name = "[CP] Embed Pods Frameworks";
			outputFileListPaths = (
				"${PODS_ROOT}/Target Support Files/Pods-MTG/Pods-MTG-frameworks-${CONFIGURATION}-output-files.xcfilelist",
			);
			runOnlyForDeploymentPostprocessing = 0;
			shellPath = /bin/sh;
			shellScript = "\"${PODS_ROOT}/Target Support Files/Pods-MTG/Pods-MTG-frameworks.sh\"\n";
			showEnvVarsInLog = 0;
		};
/* End PBXShellScriptBuildPhase section */

/* Begin PBXSourcesBuildPhase section */
		8B982F962991540100A60D7E /* Sources */ = {
			isa = PBXSourcesBuildPhase;
			buildActionMask = 2147483647;
			files = (
				8BBEC0DB29C2558E00EF657F /* PickerOptions.swift in Sources */,
				8B2744D429AEA6D000BC1CB0 /* CheckboxTableViewCell.swift in Sources */,
				8B8417B729F2E3D50040FF03 /* ListTableViewCell.swift in Sources */,
				8B98495D299AE96200819DAC /* AdvancedCardSearchModalFilterViewController.swift in Sources */,
				8B982FBF2991646C00A60D7E /* CardListViewController.swift in Sources */,
				8B17101029AD2C4000EC1D34 /* Format.swift in Sources */,
				8B2744D029AEA62E00BC1CB0 /* CheckboxCollectionViewCell.swift in Sources */,
				8B98495A299AD29300819DAC /* DropdownTableViewCell.swift in Sources */,
				8B98495F299BEDF000819DAC /* Types.swift in Sources */,
				8B170FFA29A6B38800EC1D34 /* SliderTableViewCell.swift in Sources */,
				8BC5F3CC29941C4E0040F49C /* CardSearchViewController.swift in Sources */,
				8BBEC0D729B7E0D000EF657F /* Cards.swift in Sources */,
				8B9849342995A25600819DAC /* AdvancedCardSearchCollectionViewCell.swift in Sources */,
				8B17101929AD3F6500EC1D34 /* CustomDropdownTableViewCell.swift in Sources */,
				8B984957299AA5AD00819DAC /* UICollectionViewFlowLayout+Extension.swift in Sources */,
				8BCC0718299D397200F4CF43 /* CardColors.swift in Sources */,
				8B7F60DB299433F300D54CF7 /* ScryfallInteractor.swift in Sources */,
				8B982FCA29917F8D00A60D7E /* Symbols.swift in Sources */,
				8B17101629AD2FA800EC1D34 /* Sets.swift in Sources */,
				8B17101429AD2DAF00EC1D34 /* SingleSet.swift in Sources */,
				8B17101229AD2CE900EC1D34 /* Rarity.swift in Sources */,
				8B982FC12991666F00A60D7E /* CardDetailViewController.swift in Sources */,
				8B982F9E2991540100A60D7E /* AppDelegate.swift in Sources */,
				8B7F60E229956E5A00D54CF7 /* NoCardsFoundSearchViewController.swift in Sources */,
				8B0BAFE92A01A64700841527 /* CardAddToDeckViewController.swift in Sources */,
				8B7F60E02994B2B900D54CF7 /* CardSearchViewModels.swift in Sources */,
				8BBEC0D929C2546000EF657F /* CardListPickerViewController.swift in Sources */,
				8B9849302995A03000819DAC /* TextSearchTableViewCell.swift in Sources */,
				8B982FA02991540100A60D7E /* SceneDelegate.swift in Sources */,
				8BBC7CB729F8645A0014111B /* FooterCollectionReusableView.swift in Sources */,
				8BBEC0D529B104FF00EF657F /* Notifications.swift in Sources */,
				8B982FBA2991563600A60D7E /* Card.swift in Sources */,
				8B982FD42991A86900A60D7E /* ManaCostCollectionViewCell.swift in Sources */,
				8B984961299BFCC800819DAC /* Subtype.swift in Sources */,
				8B982FB72991561E00A60D7E /* ScryfallAPI.swift in Sources */,
				8B8417C329F6ED340040FF03 /* SmallCardCollectionViewCell.swift in Sources */,
				8B982FD02991A60000A60D7E /* String+Extension.swift in Sources */,
				8B982FC62991751500A60D7E /* CardTableViewCell.swift in Sources */,
				8B984964299C0D9700819DAC /* ColorSearchTableViewCell.swift in Sources */,
				8BCC0715299C126700F4CF43 /* ColorSearchCollectionViewCell.swift in Sources */,
			);
			runOnlyForDeploymentPostprocessing = 0;
		};
/* End PBXSourcesBuildPhase section */

/* Begin PBXVariantGroup section */
		8B982FA32991540100A60D7E /* Main.storyboard */ = {
			isa = PBXVariantGroup;
			children = (
				8B982FA42991540100A60D7E /* Base */,
			);
			name = Main.storyboard;
			sourceTree = "<group>";
		};
		8B982FA82991540200A60D7E /* LaunchScreen.storyboard */ = {
			isa = PBXVariantGroup;
			children = (
				8B982FA92991540200A60D7E /* Base */,
			);
			name = LaunchScreen.storyboard;
			sourceTree = "<group>";
		};
/* End PBXVariantGroup section */

/* Begin XCBuildConfiguration section */
		8B982FAC2991540200A60D7E /* Debug */ = {
			isa = XCBuildConfiguration;
			buildSettings = {
				ALWAYS_SEARCH_USER_PATHS = NO;
				CLANG_ANALYZER_NONNULL = YES;
				CLANG_ANALYZER_NUMBER_OBJECT_CONVERSION = YES_AGGRESSIVE;
				CLANG_CXX_LANGUAGE_STANDARD = "gnu++20";
				CLANG_ENABLE_MODULES = YES;
				CLANG_ENABLE_OBJC_ARC = YES;
				CLANG_ENABLE_OBJC_WEAK = YES;
				CLANG_WARN_BLOCK_CAPTURE_AUTORELEASING = YES;
				CLANG_WARN_BOOL_CONVERSION = YES;
				CLANG_WARN_COMMA = YES;
				CLANG_WARN_CONSTANT_CONVERSION = YES;
				CLANG_WARN_DEPRECATED_OBJC_IMPLEMENTATIONS = YES;
				CLANG_WARN_DIRECT_OBJC_ISA_USAGE = YES_ERROR;
				CLANG_WARN_DOCUMENTATION_COMMENTS = YES;
				CLANG_WARN_EMPTY_BODY = YES;
				CLANG_WARN_ENUM_CONVERSION = YES;
				CLANG_WARN_INFINITE_RECURSION = YES;
				CLANG_WARN_INT_CONVERSION = YES;
				CLANG_WARN_NON_LITERAL_NULL_CONVERSION = YES;
				CLANG_WARN_OBJC_IMPLICIT_RETAIN_SELF = YES;
				CLANG_WARN_OBJC_LITERAL_CONVERSION = YES;
				CLANG_WARN_OBJC_ROOT_CLASS = YES_ERROR;
				CLANG_WARN_QUOTED_INCLUDE_IN_FRAMEWORK_HEADER = YES;
				CLANG_WARN_RANGE_LOOP_ANALYSIS = YES;
				CLANG_WARN_STRICT_PROTOTYPES = YES;
				CLANG_WARN_SUSPICIOUS_MOVE = YES;
				CLANG_WARN_UNGUARDED_AVAILABILITY = YES_AGGRESSIVE;
				CLANG_WARN_UNREACHABLE_CODE = YES;
				CLANG_WARN__DUPLICATE_METHOD_MATCH = YES;
				COPY_PHASE_STRIP = NO;
				DEBUG_INFORMATION_FORMAT = dwarf;
				ENABLE_STRICT_OBJC_MSGSEND = YES;
				ENABLE_TESTABILITY = YES;
				GCC_C_LANGUAGE_STANDARD = gnu11;
				GCC_DYNAMIC_NO_PIC = NO;
				GCC_NO_COMMON_BLOCKS = YES;
				GCC_OPTIMIZATION_LEVEL = 0;
				GCC_PREPROCESSOR_DEFINITIONS = (
					"DEBUG=1",
					"$(inherited)",
				);
				GCC_WARN_64_TO_32_BIT_CONVERSION = YES;
				GCC_WARN_ABOUT_RETURN_TYPE = YES_ERROR;
				GCC_WARN_UNDECLARED_SELECTOR = YES;
				GCC_WARN_UNINITIALIZED_AUTOS = YES_AGGRESSIVE;
				GCC_WARN_UNUSED_FUNCTION = YES;
				GCC_WARN_UNUSED_VARIABLE = YES;
				IPHONEOS_DEPLOYMENT_TARGET = 16.2;
				MTL_ENABLE_DEBUG_INFO = INCLUDE_SOURCE;
				MTL_FAST_MATH = YES;
				ONLY_ACTIVE_ARCH = YES;
				SDKROOT = iphoneos;
				SWIFT_ACTIVE_COMPILATION_CONDITIONS = DEBUG;
				SWIFT_OPTIMIZATION_LEVEL = "-Onone";
			};
			name = Debug;
		};
		8B982FAD2991540200A60D7E /* Release */ = {
			isa = XCBuildConfiguration;
			buildSettings = {
				ALWAYS_SEARCH_USER_PATHS = NO;
				CLANG_ANALYZER_NONNULL = YES;
				CLANG_ANALYZER_NUMBER_OBJECT_CONVERSION = YES_AGGRESSIVE;
				CLANG_CXX_LANGUAGE_STANDARD = "gnu++20";
				CLANG_ENABLE_MODULES = YES;
				CLANG_ENABLE_OBJC_ARC = YES;
				CLANG_ENABLE_OBJC_WEAK = YES;
				CLANG_WARN_BLOCK_CAPTURE_AUTORELEASING = YES;
				CLANG_WARN_BOOL_CONVERSION = YES;
				CLANG_WARN_COMMA = YES;
				CLANG_WARN_CONSTANT_CONVERSION = YES;
				CLANG_WARN_DEPRECATED_OBJC_IMPLEMENTATIONS = YES;
				CLANG_WARN_DIRECT_OBJC_ISA_USAGE = YES_ERROR;
				CLANG_WARN_DOCUMENTATION_COMMENTS = YES;
				CLANG_WARN_EMPTY_BODY = YES;
				CLANG_WARN_ENUM_CONVERSION = YES;
				CLANG_WARN_INFINITE_RECURSION = YES;
				CLANG_WARN_INT_CONVERSION = YES;
				CLANG_WARN_NON_LITERAL_NULL_CONVERSION = YES;
				CLANG_WARN_OBJC_IMPLICIT_RETAIN_SELF = YES;
				CLANG_WARN_OBJC_LITERAL_CONVERSION = YES;
				CLANG_WARN_OBJC_ROOT_CLASS = YES_ERROR;
				CLANG_WARN_QUOTED_INCLUDE_IN_FRAMEWORK_HEADER = YES;
				CLANG_WARN_RANGE_LOOP_ANALYSIS = YES;
				CLANG_WARN_STRICT_PROTOTYPES = YES;
				CLANG_WARN_SUSPICIOUS_MOVE = YES;
				CLANG_WARN_UNGUARDED_AVAILABILITY = YES_AGGRESSIVE;
				CLANG_WARN_UNREACHABLE_CODE = YES;
				CLANG_WARN__DUPLICATE_METHOD_MATCH = YES;
				COPY_PHASE_STRIP = NO;
				DEBUG_INFORMATION_FORMAT = "dwarf-with-dsym";
				ENABLE_NS_ASSERTIONS = NO;
				ENABLE_STRICT_OBJC_MSGSEND = YES;
				GCC_C_LANGUAGE_STANDARD = gnu11;
				GCC_NO_COMMON_BLOCKS = YES;
				GCC_WARN_64_TO_32_BIT_CONVERSION = YES;
				GCC_WARN_ABOUT_RETURN_TYPE = YES_ERROR;
				GCC_WARN_UNDECLARED_SELECTOR = YES;
				GCC_WARN_UNINITIALIZED_AUTOS = YES_AGGRESSIVE;
				GCC_WARN_UNUSED_FUNCTION = YES;
				GCC_WARN_UNUSED_VARIABLE = YES;
				IPHONEOS_DEPLOYMENT_TARGET = 16.2;
				MTL_ENABLE_DEBUG_INFO = NO;
				MTL_FAST_MATH = YES;
				SDKROOT = iphoneos;
				SWIFT_COMPILATION_MODE = wholemodule;
				SWIFT_OPTIMIZATION_LEVEL = "-O";
				VALIDATE_PRODUCT = YES;
			};
			name = Release;
		};
		8B982FAF2991540200A60D7E /* Debug */ = {
			isa = XCBuildConfiguration;
			baseConfigurationReference = D9237EFCB04453676CE09965 /* Pods-MTG.debug.xcconfig */;
			buildSettings = {
				ASSETCATALOG_COMPILER_APPICON_NAME = AppIcon;
				ASSETCATALOG_COMPILER_GLOBAL_ACCENT_COLOR_NAME = AccentColor;
				CODE_SIGN_STYLE = Automatic;
				CURRENT_PROJECT_VERSION = 1;
				DEVELOPMENT_TEAM = Q5C8ADQRUF;
				GENERATE_INFOPLIST_FILE = YES;
				INFOPLIST_FILE = MTG/Info.plist;
				INFOPLIST_KEY_LSApplicationCategoryType = "public.app-category.card-games";
				INFOPLIST_KEY_UIApplicationSupportsIndirectInputEvents = YES;
				INFOPLIST_KEY_UILaunchStoryboardName = LaunchScreen;
				INFOPLIST_KEY_UIMainStoryboardFile = Main;
				INFOPLIST_KEY_UISupportedInterfaceOrientations_iPad = "UIInterfaceOrientationPortrait UIInterfaceOrientationPortraitUpsideDown UIInterfaceOrientationLandscapeLeft UIInterfaceOrientationLandscapeRight";
				INFOPLIST_KEY_UISupportedInterfaceOrientations_iPhone = "UIInterfaceOrientationPortrait UIInterfaceOrientationLandscapeLeft UIInterfaceOrientationLandscapeRight";
				IPHONEOS_DEPLOYMENT_TARGET = 15.0;
				LD_RUNPATH_SEARCH_PATHS = (
					"$(inherited)",
					"@executable_path/Frameworks",
				);
				MARKETING_VERSION = 1.0;
				PRODUCT_BUNDLE_IDENTIFIER = com.swiftgoose.MTG;
				PRODUCT_NAME = "$(TARGET_NAME)";
				SUPPORTED_PLATFORMS = "iphoneos iphonesimulator";
				SUPPORTS_MACCATALYST = NO;
				SUPPORTS_MAC_DESIGNED_FOR_IPHONE_IPAD = NO;
				SWIFT_EMIT_LOC_STRINGS = YES;
				SWIFT_VERSION = 5.0;
				TARGETED_DEVICE_FAMILY = 1;
			};
			name = Debug;
		};
		8B982FB02991540200A60D7E /* Release */ = {
			isa = XCBuildConfiguration;
			baseConfigurationReference = 1BDEFA78034205AFA5F319DA /* Pods-MTG.release.xcconfig */;
			buildSettings = {
				ASSETCATALOG_COMPILER_APPICON_NAME = AppIcon;
				ASSETCATALOG_COMPILER_GLOBAL_ACCENT_COLOR_NAME = AccentColor;
				CODE_SIGN_STYLE = Automatic;
				CURRENT_PROJECT_VERSION = 1;
				DEVELOPMENT_TEAM = Q5C8ADQRUF;
				GENERATE_INFOPLIST_FILE = YES;
				INFOPLIST_FILE = MTG/Info.plist;
				INFOPLIST_KEY_LSApplicationCategoryType = "public.app-category.card-games";
				INFOPLIST_KEY_UIApplicationSupportsIndirectInputEvents = YES;
				INFOPLIST_KEY_UILaunchStoryboardName = LaunchScreen;
				INFOPLIST_KEY_UIMainStoryboardFile = Main;
				INFOPLIST_KEY_UISupportedInterfaceOrientations_iPad = "UIInterfaceOrientationPortrait UIInterfaceOrientationPortraitUpsideDown UIInterfaceOrientationLandscapeLeft UIInterfaceOrientationLandscapeRight";
				INFOPLIST_KEY_UISupportedInterfaceOrientations_iPhone = "UIInterfaceOrientationPortrait UIInterfaceOrientationLandscapeLeft UIInterfaceOrientationLandscapeRight";
				IPHONEOS_DEPLOYMENT_TARGET = 15.0;
				LD_RUNPATH_SEARCH_PATHS = (
					"$(inherited)",
					"@executable_path/Frameworks",
				);
				MARKETING_VERSION = 1.0;
				PRODUCT_BUNDLE_IDENTIFIER = com.swiftgoose.MTG;
				PRODUCT_NAME = "$(TARGET_NAME)";
				SUPPORTED_PLATFORMS = "iphoneos iphonesimulator";
				SUPPORTS_MACCATALYST = NO;
				SUPPORTS_MAC_DESIGNED_FOR_IPHONE_IPAD = NO;
				SWIFT_EMIT_LOC_STRINGS = YES;
				SWIFT_VERSION = 5.0;
				TARGETED_DEVICE_FAMILY = 1;
			};
			name = Release;
		};
/* End XCBuildConfiguration section */

/* Begin XCConfigurationList section */
		8B982F952991540100A60D7E /* Build configuration list for PBXProject "MTG" */ = {
			isa = XCConfigurationList;
			buildConfigurations = (
				8B982FAC2991540200A60D7E /* Debug */,
				8B982FAD2991540200A60D7E /* Release */,
			);
			defaultConfigurationIsVisible = 0;
			defaultConfigurationName = Release;
		};
		8B982FAE2991540200A60D7E /* Build configuration list for PBXNativeTarget "MTG" */ = {
			isa = XCConfigurationList;
			buildConfigurations = (
				8B982FAF2991540200A60D7E /* Debug */,
				8B982FB02991540200A60D7E /* Release */,
			);
			defaultConfigurationIsVisible = 0;
			defaultConfigurationName = Release;
		};
/* End XCConfigurationList section */
	};
	rootObject = 8B982F922991540100A60D7E /* Project object */;
}
